
Microsoft Visual Studio Solution File, Format Version 12.00
# Visual Studio 14
VisualStudioVersion = 14.0.25123.0
MinimumVisualStudioVersion = 10.0.40219.1
Project("{8BC9CEB8-8B4A-11D0-8D11-00A0C91BC942}") = "1-HelloAIE", "1-HelloAIE\1-HelloAIE.vcxproj", "{0DCE2C9B-5ABF-41C9-A15F-16858658542B}"
EndProject
Project("{8BC9CEB8-8B4A-11D0-8D11-00A0C91BC942}") = "2-variables", "2-variables\2-variables.vcxproj", "{A953F8DA-70A5-4ACA-9C24-36DD5E7053B8}"
EndProject
Project("{8BC9CEB8-8B4A-11D0-8D11-00A0C91BC942}") = "3-conditionals", "3-conditionals\3-conditionals.vcxproj", "{DEFEAED2-6276-414D-B932-18ADD1F92878}"
EndProject
Project("{8BC9CEB8-8B4A-11D0-8D11-00A0C91BC942}") = "4-functions", "4-functions\4-functions.vcxproj", "{4E9029D8-F384-457F-BB5B-8F9DBD5CC9E3}"
EndProject
Project("{8BC9CEB8-8B4A-11D0-8D11-00A0C91BC942}") = "5-Multi-FileProjects", "Project1\Project1.vcxproj", "{030775AC-1BE5-4960-ABDB-6BA20DE08428}"
EndProject
Global
	GlobalSection(SolutionConfigurationPlatforms) = preSolution
		Debug|x64 = Debug|x64
		Debug|x86 = Debug|x86
		Release|x64 = Release|x64
		Release|x86 = Release|x86
	EndGlobalSection
	GlobalSection(ProjectConfigurationPlatforms) = postSolution
		{0DCE2C9B-5ABF-41C9-A15F-16858658542B}.Debug|x64.ActiveCfg = Debug|x64
		{0DCE2C9B-5ABF-41C9-A15F-16858658542B}.Debug|x64.Build.0 = Debug|x64
		{0DCE2C9B-5ABF-41C9-A15F-16858658542B}.Debug|x86.ActiveCfg = Debug|Win32
		{0DCE2C9B-5ABF-41C9-A15F-16858658542B}.Debug|x86.Build.0 = Debug|Win32
		{0DCE2C9B-5ABF-41C9-A15F-16858658542B}.Release|x64.ActiveCfg = Release|x64
		{0DCE2C9B-5ABF-41C9-A15F-16858658542B}.Release|x64.Build.0 = Release|x64
		{0DCE2C9B-5ABF-41C9-A15F-16858658542B}.Release|x86.ActiveCfg = Release|Win32
		{0DCE2C9B-5ABF-41C9-A15F-16858658542B}.Release|x86.Build.0 = Release|Win32
		{A953F8DA-70A5-4ACA-9C24-36DD5E7053B8}.Debug|x64.ActiveCfg = Debug|x64
		{A953F8DA-70A5-4ACA-9C24-36DD5E7053B8}.Debug|x64.Build.0 = Debug|x64
		{A953F8DA-70A5-4ACA-9C24-36DD5E7053B8}.Debug|x86.ActiveCfg = Debug|Win32
		{A953F8DA-70A5-4ACA-9C24-36DD5E7053B8}.Debug|x86.Build.0 = Debug|Win32
		{A953F8DA-70A5-4ACA-9C24-36DD5E7053B8}.Release|x64.ActiveCfg = Release|x64
		{A953F8DA-70A5-4ACA-9C24-36DD5E7053B8}.Release|x64.Build.0 = Release|x64
		{A953F8DA-70A5-4ACA-9C24-36DD5E7053B8}.Release|x86.ActiveCfg = Release|Win32
		{A953F8DA-70A5-4ACA-9C24-36DD5E7053B8}.Release|x86.Build.0 = Release|Win32
		{DEFEAED2-6276-414D-B932-18ADD1F92878}.Debug|x64.ActiveCfg = Debug|x64
		{DEFEAED2-6276-414D-B932-18ADD1F92878}.Debug|x64.Build.0 = Debug|x64
		{DEFEAED2-6276-414D-B932-18ADD1F92878}.Debug|x86.ActiveCfg = Debug|Win32
		{DEFEAED2-6276-414D-B932-18ADD1F92878}.Debug|x86.Build.0 = Debug|Win32
		{DEFEAED2-6276-414D-B932-18ADD1F92878}.Release|x64.ActiveCfg = Release|x64
		{DEFEAED2-6276-414D-B932-18ADD1F92878}.Release|x64.Build.0 = Release|x64
		{DEFEAED2-6276-414D-B932-18ADD1F92878}.Release|x86.ActiveCfg = Release|Win32
		{DEFEAED2-6276-414D-B932-18ADD1F92878}.Release|x86.Build.0 = Release|Win32
		{4E9029D8-F384-457F-BB5B-8F9DBD5CC9E3}.Debug|x64.ActiveCfg = Debug|x64
		{4E9029D8-F384-457F-BB5B-8F9DBD5CC9E3}.Debug|x64.Build.0 = Debug|x64
		{4E9029D8-F384-457F-BB5B-8F9DBD5CC9E3}.Debug|x86.ActiveCfg = Debug|Win32
		{4E9029D8-F384-457F-BB5B-8F9DBD5CC9E3}.Debug|x86.Build.0 = Debug|Win32
		{4E9029D8-F384-457F-BB5B-8F9DBD5CC9E3}.Release|x64.ActiveCfg = Release|x64
		{4E9029D8-F384-457F-BB5B-8F9DBD5CC9E3}.Release|x64.Build.0 = Release|x64
		{4E9029D8-F384-457F-BB5B-8F9DBD5CC9E3}.Release|x86.ActiveCfg = Release|Win32
		{4E9029D8-F384-457F-BB5B-8F9DBD5CC9E3}.Release|x86.Build.0 = Release|Win32
		{030775AC-1BE5-4960-ABDB-6BA20DE08428}.Debug|x64.ActiveCfg = Debug|x64
		{030775AC-1BE5-4960-ABDB-6BA20DE08428}.Debug|x64.Build.0 = Debug|x64
		{030775AC-1BE5-4960-ABDB-6BA20DE08428}.Debug|x86.ActiveCfg = Debug|Win32
		{030775AC-1BE5-4960-ABDB-6BA20DE08428}.Debug|x86.Build.0 = Debug|Win32
		{030775AC-1BE5-4960-ABDB-6BA20DE08428}.Release|x64.ActiveCfg = Release|x64
		{030775AC-1BE5-4960-ABDB-6BA20DE08428}.Release|x64.Build.0 = Release|x64
		{030775AC-1BE5-4960-ABDB-6BA20DE08428}.Release|x86.ActiveCfg = Release|Win32
		{030775AC-1BE5-4960-ABDB-6BA20DE08428}.Release|x86.Build.0 = Release|Win32
	EndGlobalSection
	GlobalSection(SolutionProperties) = preSolution
		HideSolutionNode = FALSE
	EndGlobalSection
EndGlobal
